
Microsoft Visual Studio Solution File, Format Version 12.00
# Visual Studio Version 16
VisualStudioVersion = 16.0.31624.102
MinimumVisualStudioVersion = 10.0.40219.1
Project("{2150E333-8FDC-42A3-9474-1A3956D46DE8}") = "src", "src", "{C48E427D-809E-4650-BC8E-D263EAFD2DF3}"
EndProject
Project("{2150E333-8FDC-42A3-9474-1A3956D46DE8}") = "tests", "tests", "{3AFF97B2-1F23-40CA-B961-2F559DE50AC4}"
EndProject
Project("{2150E333-8FDC-42A3-9474-1A3956D46DE8}") = "services", "services", "{67B3B839-B46B-4B00-8D54-7B10E01E7C0B}"
EndProject
Project("{2150E333-8FDC-42A3-9474-1A3956D46DE8}") = "Fiscal", "Fiscal", "{3EF3C789-6C60-41C4-AC97-416ED522C697}"
EndProject
Project("{2150E333-8FDC-42A3-9474-1A3956D46DE8}") = "Pagamentos", "Pagamentos", "{F100130F-0A5A-44B6-98D6-FAE9106E3817}"
EndProject
Project("{2150E333-8FDC-42A3-9474-1A3956D46DE8}") = "Vendas", "Vendas", "{0F4DE26C-772D-490D-9232-B6D7ECBB01F6}"
EndProject
Project("{2150E333-8FDC-42A3-9474-1A3956D46DE8}") = "Catalogo", "Catalogo", "{ABA6E102-CF8E-49D0-9CF2-B20415C8425E}"
EndProject
Project("{2150E333-8FDC-42A3-9474-1A3956D46DE8}") = "Cadastro", "Cadastro", "{E0706394-8201-4D14-8F26-157602B91ECE}"
EndProject
Project("{2150E333-8FDC-42A3-9474-1A3956D46DE8}") = "Core", "Core", "{C1572A80-6AB2-40F6-AF63-85DE6F6D76F9}"
EndProject
Project("{9A19103F-16F7-4668-BE54-9A1E7A4F7556}") = "ModelagemDeDominiosRicos.Catalogo.Domain", "src\ModelagemDeDominiosRicos.Catalogo.Domain\ModelagemDeDominiosRicos.Catalogo.Domain.csproj", "{2F9CCE39-281B-4DD2-99D1-D3DF25ED0CF2}"
	ProjectSection(ProjectDependencies) = postProject
		{48BFF4E1-3C67-4100-AA4F-F589A449F915} = {48BFF4E1-3C67-4100-AA4F-F589A449F915}
	EndProjectSection
EndProject
Project("{9A19103F-16F7-4668-BE54-9A1E7A4F7556}") = "ModelagemDeDominiosRicos.Core", "src\ModelagemDeDominiosRicos.Core\ModelagemDeDominiosRicos.Core.csproj", "{48BFF4E1-3C67-4100-AA4F-F589A449F915}"
EndProject
Project("{2150E333-8FDC-42A3-9474-1A3956D46DE8}") = "CatalogoTests", "CatalogoTests", "{88CF9395-56EB-4A0B-B307-DEBB663C756A}"
EndProject
Project("{9A19103F-16F7-4668-BE54-9A1E7A4F7556}") = "CatalogoTests", "tests\CatalogoTests\CatalogoTests.csproj", "{CF063FD8-1E28-48F6-8C4F-F856EA4279DA}"
EndProject
Project("{9A19103F-16F7-4668-BE54-9A1E7A4F7556}") = "ModelagemDeDominiosRicos.Data", "src\ModelagemDeDominiosRicos.Data\ModelagemDeDominiosRicos.Data.csproj", "{FB869731-2EF5-4897-AEB6-54A4D8813723}"
EndProject
Project("{FAE04EC0-301F-11D3-BF4B-00C04F79EFBC}") = "ModelagemDeDominiosRicos.Catalogo.Application", "src\ModelagemDeDominiosRicos.Catalogo.Application\ModelagemDeDominiosRicos.Catalogo.Application.csproj", "{BF414847-E507-40DC-9B59-B4B4D344666E}"
EndProject
Global
	GlobalSection(SolutionConfigurationPlatforms) = preSolution
		Debug|Any CPU = Debug|Any CPU
		Release|Any CPU = Release|Any CPU
	EndGlobalSection
	GlobalSection(ProjectConfigurationPlatforms) = postSolution
		{2F9CCE39-281B-4DD2-99D1-D3DF25ED0CF2}.Debug|Any CPU.ActiveCfg = Debug|Any CPU
		{2F9CCE39-281B-4DD2-99D1-D3DF25ED0CF2}.Debug|Any CPU.Build.0 = Debug|Any CPU
		{2F9CCE39-281B-4DD2-99D1-D3DF25ED0CF2}.Release|Any CPU.ActiveCfg = Release|Any CPU
		{2F9CCE39-281B-4DD2-99D1-D3DF25ED0CF2}.Release|Any CPU.Build.0 = Release|Any CPU
		{48BFF4E1-3C67-4100-AA4F-F589A449F915}.Debug|Any CPU.ActiveCfg = Debug|Any CPU
		{48BFF4E1-3C67-4100-AA4F-F589A449F915}.Debug|Any CPU.Build.0 = Debug|Any CPU
		{48BFF4E1-3C67-4100-AA4F-F589A449F915}.Release|Any CPU.ActiveCfg = Release|Any CPU
		{48BFF4E1-3C67-4100-AA4F-F589A449F915}.Release|Any CPU.Build.0 = Release|Any CPU
		{CF063FD8-1E28-48F6-8C4F-F856EA4279DA}.Debug|Any CPU.ActiveCfg = Debug|Any CPU
		{CF063FD8-1E28-48F6-8C4F-F856EA4279DA}.Debug|Any CPU.Build.0 = Debug|Any CPU
		{CF063FD8-1E28-48F6-8C4F-F856EA4279DA}.Release|Any CPU.ActiveCfg = Release|Any CPU
		{CF063FD8-1E28-48F6-8C4F-F856EA4279DA}.Release|Any CPU.Build.0 = Release|Any CPU
		{FB869731-2EF5-4897-AEB6-54A4D8813723}.Debug|Any CPU.ActiveCfg = Debug|Any CPU
		{FB869731-2EF5-4897-AEB6-54A4D8813723}.Debug|Any CPU.Build.0 = Debug|Any CPU
		{FB869731-2EF5-4897-AEB6-54A4D8813723}.Release|Any CPU.ActiveCfg = Release|Any CPU
		{FB869731-2EF5-4897-AEB6-54A4D8813723}.Release|Any CPU.Build.0 = Release|Any CPU
		{BF414847-E507-40DC-9B59-B4B4D344666E}.Debug|Any CPU.ActiveCfg = Debug|Any CPU
		{BF414847-E507-40DC-9B59-B4B4D344666E}.Debug|Any CPU.Build.0 = Debug|Any CPU
		{BF414847-E507-40DC-9B59-B4B4D344666E}.Release|Any CPU.ActiveCfg = Release|Any CPU
		{BF414847-E507-40DC-9B59-B4B4D344666E}.Release|Any CPU.Build.0 = Release|Any CPU
	EndGlobalSection
	GlobalSection(SolutionProperties) = preSolution
		HideSolutionNode = FALSE
	EndGlobalSection
	GlobalSection(NestedProjects) = preSolution
		{67B3B839-B46B-4B00-8D54-7B10E01E7C0B} = {C48E427D-809E-4650-BC8E-D263EAFD2DF3}
		{3EF3C789-6C60-41C4-AC97-416ED522C697} = {67B3B839-B46B-4B00-8D54-7B10E01E7C0B}
		{F100130F-0A5A-44B6-98D6-FAE9106E3817} = {67B3B839-B46B-4B00-8D54-7B10E01E7C0B}
		{0F4DE26C-772D-490D-9232-B6D7ECBB01F6} = {67B3B839-B46B-4B00-8D54-7B10E01E7C0B}
		{ABA6E102-CF8E-49D0-9CF2-B20415C8425E} = {67B3B839-B46B-4B00-8D54-7B10E01E7C0B}
		{E0706394-8201-4D14-8F26-157602B91ECE} = {67B3B839-B46B-4B00-8D54-7B10E01E7C0B}
		{C1572A80-6AB2-40F6-AF63-85DE6F6D76F9} = {67B3B839-B46B-4B00-8D54-7B10E01E7C0B}
		{2F9CCE39-281B-4DD2-99D1-D3DF25ED0CF2} = {ABA6E102-CF8E-49D0-9CF2-B20415C8425E}
		{48BFF4E1-3C67-4100-AA4F-F589A449F915} = {C1572A80-6AB2-40F6-AF63-85DE6F6D76F9}
		{88CF9395-56EB-4A0B-B307-DEBB663C756A} = {3AFF97B2-1F23-40CA-B961-2F559DE50AC4}
		{CF063FD8-1E28-48F6-8C4F-F856EA4279DA} = {88CF9395-56EB-4A0B-B307-DEBB663C756A}
		{FB869731-2EF5-4897-AEB6-54A4D8813723} = {ABA6E102-CF8E-49D0-9CF2-B20415C8425E}
		{BF414847-E507-40DC-9B59-B4B4D344666E} = {ABA6E102-CF8E-49D0-9CF2-B20415C8425E}
	EndGlobalSection
	GlobalSection(ExtensibilityGlobals) = postSolution
		SolutionGuid = {34BA3C58-0C21-49CD-8A9E-099EFDFBFF3B}
	EndGlobalSection
EndGlobal
